
Microsoft Visual Studio Solution File, Format Version 12.00
# Visual Studio 15
Project("{FAE04EC0-301F-11D3-BF4B-00C04F79EFBC}") = "xadrez-dos", "xadrez-dos\xadrez-dos.csproj", "{D67980BA-2CFD-4263-BC94-E91C8DB3CBA1}"
EndProject
Global
	GlobalSection(SolutionConfigurationPlatforms) = preSolution
		Debug|x86 = Debug|x86
		Release|x86 = Release|x86
	EndGlobalSection
	GlobalSection(ProjectConfigurationPlatforms) = postSolution
		{D67980BA-2CFD-4263-BC94-E91C8DB3CBA1}.Debug|x86.ActiveCfg = Debug|x86
		{D67980BA-2CFD-4263-BC94-E91C8DB3CBA1}.Debug|x86.Build.0 = Debug|x86
		{D67980BA-2CFD-4263-BC94-E91C8DB3CBA1}.Release|x86.ActiveCfg = Release|x86
		{D67980BA-2CFD-4263-BC94-E91C8DB3CBA1}.Release|x86.Build.0 = Release|x86
	EndGlobalSection
EndGlobal
